
Microsoft Visual Studio Solution File, Format Version 12.00
# Visual Studio 15
VisualStudioVersion = 15.0.27703.2026
MinimumVisualStudioVersion = 10.0.40219.1
Project("{9A19103F-16F7-4668-BE54-9A1E7A4F7556}") = "Web", "Web\Web.csproj", "{B621B15C-29D2-4C68-9A6A-DC2F398B048A}"
EndProject
Project("{9A19103F-16F7-4668-BE54-9A1E7A4F7556}") = "BLL", "BLL\BLL.csproj", "{C232CAEB-F8FA-4778-BE3E-00BD8628D033}"
EndProject
Project("{9A19103F-16F7-4668-BE54-9A1E7A4F7556}") = "DAL", "DAL\DAL.csproj", "{463B7511-6F7E-48E0-AD09-D0D583E0CF55}"
<<<<<<< HEAD
EndProject
Project("{FAE04EC0-301F-11D3-BF4B-00C04F79EFBC}") = "BLL.Tests", "BLL.Tests\BLL.Tests.csproj", "{C6E81772-2168-4C04-8C46-C4C3B0FC6C00}"
=======
>>>>>>> 1.16_StudentService
EndProject
Global
	GlobalSection(SolutionConfigurationPlatforms) = preSolution
		Debug|Any CPU = Debug|Any CPU
		Release|Any CPU = Release|Any CPU
	EndGlobalSection
	GlobalSection(ProjectConfigurationPlatforms) = postSolution
		{B621B15C-29D2-4C68-9A6A-DC2F398B048A}.Debug|Any CPU.ActiveCfg = Debug|Any CPU
		{B621B15C-29D2-4C68-9A6A-DC2F398B048A}.Debug|Any CPU.Build.0 = Debug|Any CPU
		{B621B15C-29D2-4C68-9A6A-DC2F398B048A}.Release|Any CPU.ActiveCfg = Release|Any CPU
		{B621B15C-29D2-4C68-9A6A-DC2F398B048A}.Release|Any CPU.Build.0 = Release|Any CPU
		{C232CAEB-F8FA-4778-BE3E-00BD8628D033}.Debug|Any CPU.ActiveCfg = Debug|Any CPU
		{C232CAEB-F8FA-4778-BE3E-00BD8628D033}.Debug|Any CPU.Build.0 = Debug|Any CPU
		{C232CAEB-F8FA-4778-BE3E-00BD8628D033}.Release|Any CPU.ActiveCfg = Release|Any CPU
		{C232CAEB-F8FA-4778-BE3E-00BD8628D033}.Release|Any CPU.Build.0 = Release|Any CPU
		{463B7511-6F7E-48E0-AD09-D0D583E0CF55}.Debug|Any CPU.ActiveCfg = Debug|Any CPU
		{463B7511-6F7E-48E0-AD09-D0D583E0CF55}.Debug|Any CPU.Build.0 = Debug|Any CPU
		{463B7511-6F7E-48E0-AD09-D0D583E0CF55}.Release|Any CPU.ActiveCfg = Release|Any CPU
		{463B7511-6F7E-48E0-AD09-D0D583E0CF55}.Release|Any CPU.Build.0 = Release|Any CPU
		{C6E81772-2168-4C04-8C46-C4C3B0FC6C00}.Debug|Any CPU.ActiveCfg = Debug|Any CPU
		{C6E81772-2168-4C04-8C46-C4C3B0FC6C00}.Debug|Any CPU.Build.0 = Debug|Any CPU
		{C6E81772-2168-4C04-8C46-C4C3B0FC6C00}.Release|Any CPU.ActiveCfg = Release|Any CPU
		{C6E81772-2168-4C04-8C46-C4C3B0FC6C00}.Release|Any CPU.Build.0 = Release|Any CPU
	EndGlobalSection
	GlobalSection(SolutionProperties) = preSolution
		HideSolutionNode = FALSE
	EndGlobalSection
	GlobalSection(ExtensibilityGlobals) = postSolution
		SolutionGuid = {DBEAEC3C-02B5-456E-865C-F7575E3292B3}
	EndGlobalSection
EndGlobal
