
Microsoft Visual Studio Solution File, Format Version 12.00
# Visual Studio 15
VisualStudioVersion = 15.0.27703.2035
MinimumVisualStudioVersion = 10.0.40219.1
Project("{9A19103F-16F7-4668-BE54-9A1E7A4F7556}") = "Web", "Web\Web.csproj", "{7A479885-F584-4377-853F-5E1ABAA33640}"
EndProject
Project("{9A19103F-16F7-4668-BE54-9A1E7A4F7556}") = "DAL", "DAL\DAL.csproj", "{602087E4-BD8F-4303-8C57-1A4E9A3D8167}"
EndProject
Project("{9A19103F-16F7-4668-BE54-9A1E7A4F7556}") = "BLL", "BLL\BLL.csproj", "{72636588-F1EC-4564-BA1C-C6F4E848A51A}"
EndProject
Project("{FAE04EC0-301F-11D3-BF4B-00C04F79EFBC}") = "BLL.Tests", "BLL.Tests\BLL.Tests.csproj", "{C6E81772-2168-4C04-8C46-C4C3B0FC6C00}"
EndProject
Project("{FAE04EC0-301F-11D3-BF4B-00C04F79EFBC}") = "Ras.Infastructure", "Ras.Infastructure\Ras.Infastructure.csproj", "{4D99D5E0-35B2-4B2E-A950-E8FC2B4C670C}"
EndProject
Global
	GlobalSection(SolutionConfigurationPlatforms) = preSolution
		Debug|Any CPU = Debug|Any CPU
		Release|Any CPU = Release|Any CPU
	EndGlobalSection
	GlobalSection(ProjectConfigurationPlatforms) = postSolution
		{7A479885-F584-4377-853F-5E1ABAA33640}.Debug|Any CPU.ActiveCfg = Debug|Any CPU
		{7A479885-F584-4377-853F-5E1ABAA33640}.Debug|Any CPU.Build.0 = Debug|Any CPU
		{7A479885-F584-4377-853F-5E1ABAA33640}.Release|Any CPU.ActiveCfg = Release|Any CPU
		{7A479885-F584-4377-853F-5E1ABAA33640}.Release|Any CPU.Build.0 = Release|Any CPU
		{602087E4-BD8F-4303-8C57-1A4E9A3D8167}.Debug|Any CPU.ActiveCfg = Debug|Any CPU
		{602087E4-BD8F-4303-8C57-1A4E9A3D8167}.Debug|Any CPU.Build.0 = Debug|Any CPU
		{602087E4-BD8F-4303-8C57-1A4E9A3D8167}.Release|Any CPU.ActiveCfg = Release|Any CPU
		{602087E4-BD8F-4303-8C57-1A4E9A3D8167}.Release|Any CPU.Build.0 = Release|Any CPU
		{72636588-F1EC-4564-BA1C-C6F4E848A51A}.Debug|Any CPU.ActiveCfg = Debug|Any CPU
		{72636588-F1EC-4564-BA1C-C6F4E848A51A}.Debug|Any CPU.Build.0 = Debug|Any CPU
		{72636588-F1EC-4564-BA1C-C6F4E848A51A}.Release|Any CPU.ActiveCfg = Release|Any CPU
		{72636588-F1EC-4564-BA1C-C6F4E848A51A}.Release|Any CPU.Build.0 = Release|Any CPU
		{C6E81772-2168-4C04-8C46-C4C3B0FC6C00}.Debug|Any CPU.ActiveCfg = Debug|Any CPU
		{C6E81772-2168-4C04-8C46-C4C3B0FC6C00}.Debug|Any CPU.Build.0 = Debug|Any CPU
		{C6E81772-2168-4C04-8C46-C4C3B0FC6C00}.Release|Any CPU.ActiveCfg = Release|Any CPU
		{C6E81772-2168-4C04-8C46-C4C3B0FC6C00}.Release|Any CPU.Build.0 = Release|Any CPU
		{4D99D5E0-35B2-4B2E-A950-E8FC2B4C670C}.Debug|Any CPU.ActiveCfg = Debug|Any CPU
		{4D99D5E0-35B2-4B2E-A950-E8FC2B4C670C}.Debug|Any CPU.Build.0 = Debug|Any CPU
		{4D99D5E0-35B2-4B2E-A950-E8FC2B4C670C}.Release|Any CPU.ActiveCfg = Release|Any CPU
		{4D99D5E0-35B2-4B2E-A950-E8FC2B4C670C}.Release|Any CPU.Build.0 = Release|Any CPU
	EndGlobalSection
	GlobalSection(SolutionProperties) = preSolution
		HideSolutionNode = FALSE
	EndGlobalSection
	GlobalSection(ExtensibilityGlobals) = postSolution
		SolutionGuid = {E3F19C0F-6536-4690-A899-5525875C87F8}
	EndGlobalSection
EndGlobal
